
Microsoft Visual Studio Solution File, Format Version 12.00
# Visual Studio Version 17
VisualStudioVersion = 17.3.32929.385
MinimumVisualStudioVersion = 10.0.40219.1
Project("{FAE04EC0-301F-11D3-BF4B-00C04F79EFBC}") = "CalendarioADEViento", "CalendarioADEViento\CalendarioADEViento.csproj", "{5B0357EF-322C-423B-8AD0-ECF1428C08FE}"
EndProject
Global
	GlobalSection(SolutionConfigurationPlatforms) = preSolution
		Debug|Any CPU = Debug|Any CPU
		Release|Any CPU = Release|Any CPU
	EndGlobalSection
	GlobalSection(ProjectConfigurationPlatforms) = postSolution
		{5B0357EF-322C-423B-8AD0-ECF1428C08FE}.Debug|Any CPU.ActiveCfg = Debug|Any CPU
		{5B0357EF-322C-423B-8AD0-ECF1428C08FE}.Debug|Any CPU.Build.0 = Debug|Any CPU
		{5B0357EF-322C-423B-8AD0-ECF1428C08FE}.Release|Any CPU.ActiveCfg = Release|Any CPU
		{5B0357EF-322C-423B-8AD0-ECF1428C08FE}.Release|Any CPU.Build.0 = Release|Any CPU
	EndGlobalSection
	GlobalSection(SolutionProperties) = preSolution
		HideSolutionNode = FALSE
	EndGlobalSection
	GlobalSection(ExtensibilityGlobals) = postSolution
		SolutionGuid = {CB88DC77-613A-4E34-A167-C612254F9425}
	EndGlobalSection
EndGlobal
