{
  "name": "weekly-challenge-2022-kotlin",
  "version": "1.0.0",
  "lockfileVersion": 2,
  "requires": true,
  "packages": {
    "": {
      "name": "weekly-challenge-2022-kotlin",
      "version": "1.0.0",
      "license": "ISC",
      "engines": {
        "node": ">=18.5.0",
        "npm": ">=8.5.0"
      }
    }
  }
}
