
Microsoft Visual Studio Solution File, Format Version 12.00
# Visual Studio 15
VisualStudioVersion = 15.0.28307.1972
MinimumVisualStudioVersion = 10.0.40219.1
Project("{FAE04EC0-301F-11D3-BF4B-00C04F79EFBC}") = "MiSolucionRetoSemanal21", "MiSolucionRetoSemanal21\MiSolucionRetoSemanal21.csproj", "{A735D34A-D57D-4B3C-99B0-A7B86491F51E}"
EndProject
Global
	GlobalSection(SolutionConfigurationPlatforms) = preSolution
		Debug|Any CPU = Debug|Any CPU
		Release|Any CPU = Release|Any CPU
	EndGlobalSection
	GlobalSection(ProjectConfigurationPlatforms) = postSolution
		{A735D34A-D57D-4B3C-99B0-A7B86491F51E}.Debug|Any CPU.ActiveCfg = Debug|Any CPU
		{A735D34A-D57D-4B3C-99B0-A7B86491F51E}.Debug|Any CPU.Build.0 = Debug|Any CPU
		{A735D34A-D57D-4B3C-99B0-A7B86491F51E}.Release|Any CPU.ActiveCfg = Release|Any CPU
		{A735D34A-D57D-4B3C-99B0-A7B86491F51E}.Release|Any CPU.Build.0 = Release|Any CPU
	EndGlobalSection
	GlobalSection(SolutionProperties) = preSolution
		HideSolutionNode = FALSE
	EndGlobalSection
	GlobalSection(ExtensibilityGlobals) = postSolution
		SolutionGuid = {A5A27358-02BD-45C0-A552-A9250EE0076A}
	EndGlobalSection
EndGlobal
